
Microsoft Visual Studio Solution File, Format Version 12.00
# Visual Studio Version 17
VisualStudioVersion = 17.0.31512.422
MinimumVisualStudioVersion = 10.0.40219.1
Project("{2150E333-8FDC-42A3-9474-1A3956D46DE8}") = "src", "src", "{3BAF0F37-E00A-4D08-AA82-61A29A6C90F3}"
EndProject
Project("{2150E333-8FDC-42A3-9474-1A3956D46DE8}") = "Example", "Example", "{D9122373-E1D7-4380-A575-19EAFCCCC60F}"
EndProject
Project("{FAE04EC0-301F-11D3-BF4B-00C04F79EFBC}") = "QuickMapper", "QuickMapper\QuickMapper.csproj", "{3A6AD8A1-2578-443C-B284-1A0E0F4A12CB}"
EndProject
Global
	GlobalSection(SolutionConfigurationPlatforms) = preSolution
		Debug|Any CPU = Debug|Any CPU
		Release|Any CPU = Release|Any CPU
	EndGlobalSection
	GlobalSection(ProjectConfigurationPlatforms) = postSolution
		{3A6AD8A1-2578-443C-B284-1A0E0F4A12CB}.Debug|Any CPU.ActiveCfg = Debug|Any CPU
		{3A6AD8A1-2578-443C-B284-1A0E0F4A12CB}.Debug|Any CPU.Build.0 = Debug|Any CPU
		{3A6AD8A1-2578-443C-B284-1A0E0F4A12CB}.Release|Any CPU.ActiveCfg = Release|Any CPU
		{3A6AD8A1-2578-443C-B284-1A0E0F4A12CB}.Release|Any CPU.Build.0 = Release|Any CPU
	EndGlobalSection
	GlobalSection(SolutionProperties) = preSolution
		HideSolutionNode = FALSE
	EndGlobalSection
	GlobalSection(NestedProjects) = preSolution
		{3A6AD8A1-2578-443C-B284-1A0E0F4A12CB} = {3BAF0F37-E00A-4D08-AA82-61A29A6C90F3}
	EndGlobalSection
	GlobalSection(ExtensibilityGlobals) = postSolution
		SolutionGuid = {0E8A205F-51EE-4060-ADCA-B0C9F6FD8F84}
	EndGlobalSection
EndGlobal
